
Microsoft Visual Studio Solution File, Format Version 12.00
# Visual Studio Version 16
VisualStudioVersion = 16.0.29920.165
MinimumVisualStudioVersion = 10.0.40219.1
Project("{FAE04EC0-301F-11D3-BF4B-00C04F79EFBC}") = "Kalendar", "Kalendar\Kalendar.csproj", "{CBBDC1F7-BE1C-4D2B-8BE8-76DF49798A9B}"
EndProject
Global
	GlobalSection(SolutionConfigurationPlatforms) = preSolution
		Debug|Any CPU = Debug|Any CPU
		Release|Any CPU = Release|Any CPU
	EndGlobalSection
	GlobalSection(ProjectConfigurationPlatforms) = postSolution
		{CBBDC1F7-BE1C-4D2B-8BE8-76DF49798A9B}.Debug|Any CPU.ActiveCfg = Debug|Any CPU
		{CBBDC1F7-BE1C-4D2B-8BE8-76DF49798A9B}.Debug|Any CPU.Build.0 = Debug|Any CPU
		{CBBDC1F7-BE1C-4D2B-8BE8-76DF49798A9B}.Release|Any CPU.ActiveCfg = Release|Any CPU
		{CBBDC1F7-BE1C-4D2B-8BE8-76DF49798A9B}.Release|Any CPU.Build.0 = Release|Any CPU
	EndGlobalSection
	GlobalSection(SolutionProperties) = preSolution
		HideSolutionNode = FALSE
	EndGlobalSection
	GlobalSection(ExtensibilityGlobals) = postSolution
		SolutionGuid = {BD39D508-8DE2-49BA-A57B-BCC38E092632}
	EndGlobalSection
EndGlobal
